
Microsoft Visual Studio Solution File, Format Version 12.00
# Visual Studio Version 16
VisualStudioVersion = 16.0.33214.272
MinimumVisualStudioVersion = 10.0.40219.1
Project("{FAE04EC0-301F-11D3-BF4B-00C04F79EFBC}") = "BirthDate", "BirthDate\BirthDate.csproj", "{86C8BE32-3D3D-4767-9808-BE89F39E1EF6}"
EndProject
Global
	GlobalSection(SolutionConfigurationPlatforms) = preSolution
		Debug|Any CPU = Debug|Any CPU
		Release|Any CPU = Release|Any CPU
	EndGlobalSection
	GlobalSection(ProjectConfigurationPlatforms) = postSolution
		{86C8BE32-3D3D-4767-9808-BE89F39E1EF6}.Debug|Any CPU.ActiveCfg = Debug|Any CPU
		{86C8BE32-3D3D-4767-9808-BE89F39E1EF6}.Debug|Any CPU.Build.0 = Debug|Any CPU
		{86C8BE32-3D3D-4767-9808-BE89F39E1EF6}.Release|Any CPU.ActiveCfg = Release|Any CPU
		{86C8BE32-3D3D-4767-9808-BE89F39E1EF6}.Release|Any CPU.Build.0 = Release|Any CPU
	EndGlobalSection
	GlobalSection(SolutionProperties) = preSolution
		HideSolutionNode = FALSE
	EndGlobalSection
	GlobalSection(ExtensibilityGlobals) = postSolution
		SolutionGuid = {C513D46B-B233-41CC-803C-96945068672B}
	EndGlobalSection
EndGlobal
